
Microsoft Visual Studio Solution File, Format Version 12.00
# Visual Studio Version 17
VisualStudioVersion = 17.4.33110.190
MinimumVisualStudioVersion = 10.0.40219.1
Project("{9A19103F-16F7-4668-BE54-9A1E7A4F7556}") = "BusStop", "BusStop\BusStop.csproj", "{AAF66C8D-B005-44E2-BC9D-30F47372A6FA}"
EndProject
Project("{9A19103F-16F7-4668-BE54-9A1E7A4F7556}") = "BusStop.Tests", "BusStop.Tests\BusStop.Tests.csproj", "{6B0BAA30-DF03-4BAE-B764-F710A9CF0E99}"
EndProject
Global
	GlobalSection(SolutionConfigurationPlatforms) = preSolution
		Debug|Any CPU = Debug|Any CPU
		Release|Any CPU = Release|Any CPU
	EndGlobalSection
	GlobalSection(ProjectConfigurationPlatforms) = postSolution
		{AAF66C8D-B005-44E2-BC9D-30F47372A6FA}.Debug|Any CPU.ActiveCfg = Debug|Any CPU
		{AAF66C8D-B005-44E2-BC9D-30F47372A6FA}.Debug|Any CPU.Build.0 = Debug|Any CPU
		{AAF66C8D-B005-44E2-BC9D-30F47372A6FA}.Release|Any CPU.ActiveCfg = Release|Any CPU
		{AAF66C8D-B005-44E2-BC9D-30F47372A6FA}.Release|Any CPU.Build.0 = Release|Any CPU
		{6B0BAA30-DF03-4BAE-B764-F710A9CF0E99}.Debug|Any CPU.ActiveCfg = Debug|Any CPU
		{6B0BAA30-DF03-4BAE-B764-F710A9CF0E99}.Debug|Any CPU.Build.0 = Debug|Any CPU
		{6B0BAA30-DF03-4BAE-B764-F710A9CF0E99}.Release|Any CPU.ActiveCfg = Release|Any CPU
		{6B0BAA30-DF03-4BAE-B764-F710A9CF0E99}.Release|Any CPU.Build.0 = Release|Any CPU
	EndGlobalSection
	GlobalSection(SolutionProperties) = preSolution
		HideSolutionNode = FALSE
	EndGlobalSection
	GlobalSection(ExtensibilityGlobals) = postSolution
		SolutionGuid = {C8C8799D-B0B0-482C-B602-8F965D790AE8}
	EndGlobalSection
EndGlobal
